// !$*UTF8*$!
{
	archiveVersion = 1;
	classes = {
	};
	objectVersion = 46;
	objects = {

/* Begin PBXBuildFile section */
		C46C71991E4E2A12003187FC /* bus.png in Resources */ = {isa = PBXBuildFile; fileRef = C46C71901E4E2A12003187FC /* bus.png */; };
		C46C719A1E4E2A12003187FC /* restaurant-1.jpeg in Resources */ = {isa = PBXBuildFile; fileRef = C46C71911E4E2A12003187FC /* restaurant-1.jpeg */; };
		C46C719B1E4E2A12003187FC /* restaurant-2.jpeg in Resources */ = {isa = PBXBuildFile; fileRef = C46C71921E4E2A12003187FC /* restaurant-2.jpeg */; };
		C46C719C1E4E2A12003187FC /* restaurant-3.jpeg in Resources */ = {isa = PBXBuildFile; fileRef = C46C71931E4E2A12003187FC /* restaurant-3.jpeg */; };
		C46C719D1E4E2A12003187FC /* restaurant-4.jpeg in Resources */ = {isa = PBXBuildFile; fileRef = C46C71941E4E2A12003187FC /* restaurant-4.jpeg */; };
		C46C719E1E4E2A12003187FC /* restaurant-5.jpeg in Resources */ = {isa = PBXBuildFile; fileRef = C46C71951E4E2A12003187FC /* restaurant-5.jpeg */; };
		C46C719F1E4E2A12003187FC /* restaurant-6.jpeg in Resources */ = {isa = PBXBuildFile; fileRef = C46C71961E4E2A12003187FC /* restaurant-6.jpeg */; };
		C46C71A01E4E2A12003187FC /* restaurant-7.jpeg in Resources */ = {isa = PBXBuildFile; fileRef = C46C71971E4E2A12003187FC /* restaurant-7.jpeg */; };
		C46C71A11E4E2A12003187FC /* restaurant-8.jpeg in Resources */ = {isa = PBXBuildFile; fileRef = C46C71981E4E2A12003187FC /* restaurant-8.jpeg */; };
		C48E98201E4DD74900A679CD /* AppDelegate.swift in Sources */ = {isa = PBXBuildFile; fileRef = C48E981F1E4DD74900A679CD /* AppDelegate.swift */; };
		C48E98221E4DD74900A679CD /* ViewController.swift in Sources */ = {isa = PBXBuildFile; fileRef = C48E98211E4DD74900A679CD /* ViewController.swift */; };
		C48E98251E4DD74900A679CD /* Main.storyboard in Resources */ = {isa = PBXBuildFile; fileRef = C48E98231E4DD74900A679CD /* Main.storyboard */; };
		C48E98271E4DD74900A679CD /* Assets.xcassets in Resources */ = {isa = PBXBuildFile; fileRef = C48E98261E4DD74900A679CD /* Assets.xcassets */; };
		C48E982A1E4DD74900A679CD /* LaunchScreen.storyboard in Resources */ = {isa = PBXBuildFile; fileRef = C48E98281E4DD74900A679CD /* LaunchScreen.storyboard */; };
		C48E98351E4DD74900A679CD /* Restaurants_TransitTests.swift in Sources */ = {isa = PBXBuildFile; fileRef = C48E98341E4DD74900A679CD /* Restaurants_TransitTests.swift */; };
		C48E98401E4DD74900A679CD /* Restaurants_TransitUITests.swift in Sources */ = {isa = PBXBuildFile; fileRef = C48E983F1E4DD74900A679CD /* Restaurants_TransitUITests.swift */; };
		C4DE1F651E4E5AB400A119D1 /* RestaurantAnnotation.swift in Sources */ = {isa = PBXBuildFile; fileRef = C4DE1F641E4E5AB400A119D1 /* RestaurantAnnotation.swift */; };
/* End PBXBuildFile section */

/* Begin PBXContainerItemProxy section */
		C48E98311E4DD74900A679CD /* PBXContainerItemProxy */ = {
			isa = PBXContainerItemProxy;
			containerPortal = C48E98141E4DD74900A679CD /* Project object */;
			proxyType = 1;
			remoteGlobalIDString = C48E981B1E4DD74900A679CD;
			remoteInfo = "Restaurants Transit";
		};
		C48E983C1E4DD74900A679CD /* PBXContainerItemProxy */ = {
			isa = PBXContainerItemProxy;
			containerPortal = C48E98141E4DD74900A679CD /* Project object */;
			proxyType = 1;
			remoteGlobalIDString = C48E981B1E4DD74900A679CD;
			remoteInfo = "Restaurants Transit";
		};
/* End PBXContainerItemProxy section */

/* Begin PBXFileReference section */
		C46C71901E4E2A12003187FC /* bus.png */ = {isa = PBXFileReference; lastKnownFileType = image.png; path = bus.png; sourceTree = "<group>"; };
		C46C71911E4E2A12003187FC /* restaurant-1.jpeg */ = {isa = PBXFileReference; lastKnownFileType = image.jpeg; path = "restaurant-1.jpeg"; sourceTree = "<group>"; };
		C46C71921E4E2A12003187FC /* restaurant-2.jpeg */ = {isa = PBXFileReference; lastKnownFileType = image.jpeg; path = "restaurant-2.jpeg"; sourceTree = "<group>"; };
		C46C71931E4E2A12003187FC /* restaurant-3.jpeg */ = {isa = PBXFileReference; lastKnownFileType = image.jpeg; path = "restaurant-3.jpeg"; sourceTree = "<group>"; };
		C46C71941E4E2A12003187FC /* restaurant-4.jpeg */ = {isa = PBXFileReference; lastKnownFileType = image.jpeg; path = "restaurant-4.jpeg"; sourceTree = "<group>"; };
		C46C71951E4E2A12003187FC /* restaurant-5.jpeg */ = {isa = PBXFileReference; lastKnownFileType = image.jpeg; path = "restaurant-5.jpeg"; sourceTree = "<group>"; };
		C46C71961E4E2A12003187FC /* restaurant-6.jpeg */ = {isa = PBXFileReference; lastKnownFileType = image.jpeg; path = "restaurant-6.jpeg"; sourceTree = "<group>"; };
		C46C71971E4E2A12003187FC /* restaurant-7.jpeg */ = {isa = PBXFileReference; lastKnownFileType = image.jpeg; path = "restaurant-7.jpeg"; sourceTree = "<group>"; };
		C46C71981E4E2A12003187FC /* restaurant-8.jpeg */ = {isa = PBXFileReference; lastKnownFileType = image.jpeg; path = "restaurant-8.jpeg"; sourceTree = "<group>"; };
		C48E981C1E4DD74900A679CD /* Restaurants Transit.app */ = {isa = PBXFileReference; explicitFileType = wrapper.application; includeInIndex = 0; path = "Restaurants Transit.app"; sourceTree = BUILT_PRODUCTS_DIR; };
		C48E981F1E4DD74900A679CD /* AppDelegate.swift */ = {isa = PBXFileReference; lastKnownFileType = sourcecode.swift; path = AppDelegate.swift; sourceTree = "<group>"; };
		C48E98211E4DD74900A679CD /* ViewController.swift */ = {isa = PBXFileReference; lastKnownFileType = sourcecode.swift; path = ViewController.swift; sourceTree = "<group>"; };
		C48E98241E4DD74900A679CD /* Base */ = {isa = PBXFileReference; lastKnownFileType = file.storyboard; name = Base; path = Base.lproj/Main.storyboard; sourceTree = "<group>"; };
		C48E98261E4DD74900A679CD /* Assets.xcassets */ = {isa = PBXFileReference; lastKnownFileType = folder.assetcatalog; path = Assets.xcassets; sourceTree = "<group>"; };
		C48E98291E4DD74900A679CD /* Base */ = {isa = PBXFileReference; lastKnownFileType = file.storyboard; name = Base; path = Base.lproj/LaunchScreen.storyboard; sourceTree = "<group>"; };
		C48E982B1E4DD74900A679CD /* Info.plist */ = {isa = PBXFileReference; lastKnownFileType = text.plist.xml; path = Info.plist; sourceTree = "<group>"; };
		C48E98301E4DD74900A679CD /* Restaurants TransitTests.xctest */ = {isa = PBXFileReference; explicitFileType = wrapper.cfbundle; includeInIndex = 0; path = "Restaurants TransitTests.xctest"; sourceTree = BUILT_PRODUCTS_DIR; };
		C48E98341E4DD74900A679CD /* Restaurants_TransitTests.swift */ = {isa = PBXFileReference; lastKnownFileType = sourcecode.swift; path = Restaurants_TransitTests.swift; sourceTree = "<group>"; };
		C48E98361E4DD74900A679CD /* Info.plist */ = {isa = PBXFileReference; lastKnownFileType = text.plist.xml; path = Info.plist; sourceTree = "<group>"; };
		C48E983B1E4DD74900A679CD /* Restaurants TransitUITests.xctest */ = {isa = PBXFileReference; explicitFileType = wrapper.cfbundle; includeInIndex = 0; path = "Restaurants TransitUITests.xctest"; sourceTree = BUILT_PRODUCTS_DIR; };
		C48E983F1E4DD74900A679CD /* Restaurants_TransitUITests.swift */ = {isa = PBXFileReference; lastKnownFileType = sourcecode.swift; path = Restaurants_TransitUITests.swift; sourceTree = "<group>"; };
		C48E98411E4DD74900A679CD /* Info.plist */ = {isa = PBXFileReference; lastKnownFileType = text.plist.xml; path = Info.plist; sourceTree = "<group>"; };
		C4DE1F641E4E5AB400A119D1 /* RestaurantAnnotation.swift */ = {isa = PBXFileReference; fileEncoding = 4; lastKnownFileType = sourcecode.swift; path = RestaurantAnnotation.swift; sourceTree = "<group>"; };
/* End PBXFileReference section */

/* Begin PBXFrameworksBuildPhase section */
		C48E98191E4DD74900A679CD /* Frameworks */ = {
			isa = PBXFrameworksBuildPhase;
			buildActionMask = 2147483647;
			files = (
			);
			runOnlyForDeploymentPostprocessing = 0;
		};
		C48E982D1E4DD74900A679CD /* Frameworks */ = {
			isa = PBXFrameworksBuildPhase;
			buildActionMask = 2147483647;
			files = (
			);
			runOnlyForDeploymentPostprocessing = 0;
		};
		C48E98381E4DD74900A679CD /* Frameworks */ = {
			isa = PBXFrameworksBuildPhase;
			buildActionMask = 2147483647;
			files = (
			);
			runOnlyForDeploymentPostprocessing = 0;
		};
/* End PBXFrameworksBuildPhase section */

/* Begin PBXGroup section */
		C48E98131E4DD74900A679CD = {
			isa = PBXGroup;
			children = (
				C48E981E1E4DD74900A679CD /* Restaurants Transit */,
				C48E98331E4DD74900A679CD /* Restaurants TransitTests */,
				C48E983E1E4DD74900A679CD /* Restaurants TransitUITests */,
				C48E981D1E4DD74900A679CD /* Products */,
			);
			sourceTree = "<group>";
		};
		C48E981D1E4DD74900A679CD /* Products */ = {
			isa = PBXGroup;
			children = (
				C48E981C1E4DD74900A679CD /* Restaurants Transit.app */,
				C48E98301E4DD74900A679CD /* Restaurants TransitTests.xctest */,
				C48E983B1E4DD74900A679CD /* Restaurants TransitUITests.xctest */,
			);
			name = Products;
			sourceTree = "<group>";
		};
		C48E981E1E4DD74900A679CD /* Restaurants Transit */ = {
			isa = PBXGroup;
			children = (
				C48E981F1E4DD74900A679CD /* AppDelegate.swift */,
				C48E98211E4DD74900A679CD /* ViewController.swift */,
				C4DE1F641E4E5AB400A119D1 /* RestaurantAnnotation.swift */,
				C48E98231E4DD74900A679CD /* Main.storyboard */,
				C48E98261E4DD74900A679CD /* Assets.xcassets */,
				C48E98281E4DD74900A679CD /* LaunchScreen.storyboard */,
				C48E982B1E4DD74900A679CD /* Info.plist */,
				C46C71901E4E2A12003187FC /* bus.png */,
				C46C71911E4E2A12003187FC /* restaurant-1.jpeg */,
				C46C71921E4E2A12003187FC /* restaurant-2.jpeg */,
				C46C71931E4E2A12003187FC /* restaurant-3.jpeg */,
				C46C71941E4E2A12003187FC /* restaurant-4.jpeg */,
				C46C71951E4E2A12003187FC /* restaurant-5.jpeg */,
				C46C71961E4E2A12003187FC /* restaurant-6.jpeg */,
				C46C71971E4E2A12003187FC /* restaurant-7.jpeg */,
				C46C71981E4E2A12003187FC /* restaurant-8.jpeg */,
			);
			path = "Restaurants Transit";
			sourceTree = "<group>";
		};
		C48E98331E4DD74900A679CD /* Restaurants TransitTests */ = {
			isa = PBXGroup;
			children = (
				C48E98341E4DD74900A679CD /* Restaurants_TransitTests.swift */,
				C48E98361E4DD74900A679CD /* Info.plist */,
			);
			path = "Restaurants TransitTests";
			sourceTree = "<group>";
		};
		C48E983E1E4DD74900A679CD /* Restaurants TransitUITests */ = {
			isa = PBXGroup;
			children = (
				C48E983F1E4DD74900A679CD /* Restaurants_TransitUITests.swift */,
				C48E98411E4DD74900A679CD /* Info.plist */,
			);
			path = "Restaurants TransitUITests";
			sourceTree = "<group>";
		};
/* End PBXGroup section */

/* Begin PBXNativeTarget section */
		C48E981B1E4DD74900A679CD /* Restaurants Transit */ = {
			isa = PBXNativeTarget;
			buildConfigurationList = C48E98441E4DD74900A679CD /* Build configuration list for PBXNativeTarget "Restaurants Transit" */;
			buildPhases = (
				C48E98181E4DD74900A679CD /* Sources */,
				C48E98191E4DD74900A679CD /* Frameworks */,
				C48E981A1E4DD74900A679CD /* Resources */,
			);
			buildRules = (
			);
			dependencies = (
			);
			name = "Restaurants Transit";
			productName = "Restaurants Transit";
			productReference = C48E981C1E4DD74900A679CD /* Restaurants Transit.app */;
			productType = "com.apple.product-type.application";
		};
		C48E982F1E4DD74900A679CD /* Restaurants TransitTests */ = {
			isa = PBXNativeTarget;
			buildConfigurationList = C48E98471E4DD74900A679CD /* Build configuration list for PBXNativeTarget "Restaurants TransitTests" */;
			buildPhases = (
				C48E982C1E4DD74900A679CD /* Sources */,
				C48E982D1E4DD74900A679CD /* Frameworks */,
				C48E982E1E4DD74900A679CD /* Resources */,
			);
			buildRules = (
			);
			dependencies = (
				C48E98321E4DD74900A679CD /* PBXTargetDependency */,
			);
			name = "Restaurants TransitTests";
			productName = "Restaurants TransitTests";
			productReference = C48E98301E4DD74900A679CD /* Restaurants TransitTests.xctest */;
			productType = "com.apple.product-type.bundle.unit-test";
		};
		C48E983A1E4DD74900A679CD /* Restaurants TransitUITests */ = {
			isa = PBXNativeTarget;
			buildConfigurationList = C48E984A1E4DD74900A679CD /* Build configuration list for PBXNativeTarget "Restaurants TransitUITests" */;
			buildPhases = (
				C48E98371E4DD74900A679CD /* Sources */,
				C48E98381E4DD74900A679CD /* Frameworks */,
				C48E98391E4DD74900A679CD /* Resources */,
			);
			buildRules = (
			);
			dependencies = (
				C48E983D1E4DD74900A679CD /* PBXTargetDependency */,
			);
			name = "Restaurants TransitUITests";
			productName = "Restaurants TransitUITests";
			productReference = C48E983B1E4DD74900A679CD /* Restaurants TransitUITests.xctest */;
			productType = "com.apple.product-type.bundle.ui-testing";
		};
/* End PBXNativeTarget section */

/* Begin PBXProject section */
		C48E98141E4DD74900A679CD /* Project object */ = {
			isa = PBXProject;
			attributes = {
				LastSwiftUpdateCheck = 0820;
				LastUpgradeCheck = 0820;
				ORGANIZATIONNAME = "Malek Trabelsi";
				TargetAttributes = {
					C48E981B1E4DD74900A679CD = {
						CreatedOnToolsVersion = 8.2.1;
						ProvisioningStyle = Automatic;
					};
					C48E982F1E4DD74900A679CD = {
						CreatedOnToolsVersion = 8.2.1;
						ProvisioningStyle = Automatic;
						TestTargetID = C48E981B1E4DD74900A679CD;
					};
					C48E983A1E4DD74900A679CD = {
						CreatedOnToolsVersion = 8.2.1;
						ProvisioningStyle = Automatic;
						TestTargetID = C48E981B1E4DD74900A679CD;
					};
				};
			};
			buildConfigurationList = C48E98171E4DD74900A679CD /* Build configuration list for PBXProject "Restaurants Transit" */;
			compatibilityVersion = "Xcode 3.2";
			developmentRegion = English;
			hasScannedForEncodings = 0;
			knownRegions = (
				en,
				Base,
			);
			mainGroup = C48E98131E4DD74900A679CD;
			productRefGroup = C48E981D1E4DD74900A679CD /* Products */;
			projectDirPath = "";
			projectRoot = "";
			targets = (
				C48E981B1E4DD74900A679CD /* Restaurants Transit */,
				C48E982F1E4DD74900A679CD /* Restaurants TransitTests */,
				C48E983A1E4DD74900A679CD /* Restaurants TransitUITests */,
			);
		};
/* End PBXProject section */

/* Begin PBXResourcesBuildPhase section */
		C48E981A1E4DD74900A679CD /* Resources */ = {
			isa = PBXResourcesBuildPhase;
			buildActionMask = 2147483647;
			files = (
				C46C71991E4E2A12003187FC /* bus.png in Resources */,
				C46C719B1E4E2A12003187FC /* restaurant-2.jpeg in Resources */,
				C48E982A1E4DD74900A679CD /* LaunchScreen.storyboard in Resources */,
				C46C719A1E4E2A12003187FC /* restaurant-1.jpeg in Resources */,
				C46C719E1E4E2A12003187FC /* restaurant-5.jpeg in Resources */,
				C48E98271E4DD74900A679CD /* Assets.xcassets in Resources */,
				C48E98251E4DD74900A679CD /* Main.storyboard in Resources */,
				C46C71A11E4E2A12003187FC /* restaurant-8.jpeg in Resources */,
				C46C719F1E4E2A12003187FC /* restaurant-6.jpeg in Resources */,
				C46C719C1E4E2A12003187FC /* restaurant-3.jpeg in Resources */,
				C46C719D1E4E2A12003187FC /* restaurant-4.jpeg in Resources */,
				C46C71A01E4E2A12003187FC /* restaurant-7.jpeg in Resources */,
			);
			runOnlyForDeploymentPostprocessing = 0;
		};
		C48E982E1E4DD74900A679CD /* Resources */ = {
			isa = PBXResourcesBuildPhase;
			buildActionMask = 2147483647;
			files = (
			);
			runOnlyForDeploymentPostprocessing = 0;
		};
		C48E98391E4DD74900A679CD /* Resources */ = {
			isa = PBXResourcesBuildPhase;
			buildActionMask = 2147483647;
			files = (
			);
			runOnlyForDeploymentPostprocessing = 0;
		};
/* End PBXResourcesBuildPhase section */

/* Begin PBXSourcesBuildPhase section */
		C48E98181E4DD74900A679CD /* Sources */ = {
			isa = PBXSourcesBuildPhase;
			buildActionMask = 2147483647;
			files = (
				C48E98221E4DD74900A679CD /* ViewController.swift in Sources */,
				C4DE1F651E4E5AB400A119D1 /* RestaurantAnnotation.swift in Sources */,
				C48E98201E4DD74900A679CD /* AppDelegate.swift in Sources */,
			);
			runOnlyForDeploymentPostprocessing = 0;
		};
		C48E982C1E4DD74900A679CD /* Sources */ = {
			isa = PBXSourcesBuildPhase;
			buildActionMask = 2147483647;
			files = (
				C48E98351E4DD74900A679CD /* Restaurants_TransitTests.swift in Sources */,
			);
			runOnlyForDeploymentPostprocessing = 0;
		};
		C48E98371E4DD74900A679CD /* Sources */ = {
			isa = PBXSourcesBuildPhase;
			buildActionMask = 2147483647;
			files = (
				C48E98401E4DD74900A679CD /* Restaurants_TransitUITests.swift in Sources */,
			);
			runOnlyForDeploymentPostprocessing = 0;
		};
/* End PBXSourcesBuildPhase section */

/* Begin PBXTargetDependency section */
		C48E98321E4DD74900A679CD /* PBXTargetDependency */ = {
			isa = PBXTargetDependency;
			target = C48E981B1E4DD74900A679CD /* Restaurants Transit */;
			targetProxy = C48E98311E4DD74900A679CD /* PBXContainerItemProxy */;
		};
		C48E983D1E4DD74900A679CD /* PBXTargetDependency */ = {
			isa = PBXTargetDependency;
			target = C48E981B1E4DD74900A679CD /* Restaurants Transit */;
			targetProxy = C48E983C1E4DD74900A679CD /* PBXContainerItemProxy */;
		};
/* End PBXTargetDependency section */

/* Begin PBXVariantGroup section */
		C48E98231E4DD74900A679CD /* Main.storyboard */ = {
			isa = PBXVariantGroup;
			children = (
				C48E98241E4DD74900A679CD /* Base */,
			);
			name = Main.storyboard;
			sourceTree = "<group>";
		};
		C48E98281E4DD74900A679CD /* LaunchScreen.storyboard */ = {
			isa = PBXVariantGroup;
			children = (
				C48E98291E4DD74900A679CD /* Base */,
			);
			name = LaunchScreen.storyboard;
			sourceTree = "<group>";
		};
/* End PBXVariantGroup section */

/* Begin XCBuildConfiguration section */
		C48E98421E4DD74900A679CD /* Debug */ = {
			isa = XCBuildConfiguration;
			buildSettings = {
				ALWAYS_SEARCH_USER_PATHS = NO;
				CLANG_ANALYZER_NONNULL = YES;
				CLANG_CXX_LANGUAGE_STANDARD = "gnu++0x";
				CLANG_CXX_LIBRARY = "libc++";
				CLANG_ENABLE_MODULES = YES;
				CLANG_ENABLE_OBJC_ARC = YES;
				CLANG_WARN_BOOL_CONVERSION = YES;
				CLANG_WARN_CONSTANT_CONVERSION = YES;
				CLANG_WARN_DIRECT_OBJC_ISA_USAGE = YES_ERROR;
				CLANG_WARN_DOCUMENTATION_COMMENTS = YES;
				CLANG_WARN_EMPTY_BODY = YES;
				CLANG_WARN_ENUM_CONVERSION = YES;
				CLANG_WARN_INFINITE_RECURSION = YES;
				CLANG_WARN_INT_CONVERSION = YES;
				CLANG_WARN_OBJC_ROOT_CLASS = YES_ERROR;
				CLANG_WARN_SUSPICIOUS_MOVE = YES;
				CLANG_WARN_UNREACHABLE_CODE = YES;
				CLANG_WARN__DUPLICATE_METHOD_MATCH = YES;
				"CODE_SIGN_IDENTITY[sdk=iphoneos*]" = "iPhone Developer";
				COPY_PHASE_STRIP = NO;
				DEBUG_INFORMATION_FORMAT = dwarf;
				ENABLE_STRICT_OBJC_MSGSEND = YES;
				ENABLE_TESTABILITY = YES;
				GCC_C_LANGUAGE_STANDARD = gnu99;
				GCC_DYNAMIC_NO_PIC = NO;
				GCC_NO_COMMON_BLOCKS = YES;
				GCC_OPTIMIZATION_LEVEL = 0;
				GCC_PREPROCESSOR_DEFINITIONS = (
					"DEBUG=1",
					"$(inherited)",
				);
				GCC_WARN_64_TO_32_BIT_CONVERSION = YES;
				GCC_WARN_ABOUT_RETURN_TYPE = YES_ERROR;
				GCC_WARN_UNDECLARED_SELECTOR = YES;
				GCC_WARN_UNINITIALIZED_AUTOS = YES_AGGRESSIVE;
				GCC_WARN_UNUSED_FUNCTION = YES;
				GCC_WARN_UNUSED_VARIABLE = YES;
				IPHONEOS_DEPLOYMENT_TARGET = 10.2;
				MTL_ENABLE_DEBUG_INFO = YES;
				ONLY_ACTIVE_ARCH = YES;
				SDKROOT = iphoneos;
				SWIFT_ACTIVE_COMPILATION_CONDITIONS = DEBUG;
				SWIFT_OPTIMIZATION_LEVEL = "-Onone";
				TARGETED_DEVICE_FAMILY = "1,2";
			};
			name = Debug;
		};
		C48E98431E4DD74900A679CD /* Release */ = {
			isa = XCBuildConfiguration;
			buildSettings = {
				ALWAYS_SEARCH_USER_PATHS = NO;
				CLANG_ANALYZER_NONNULL = YES;
				CLANG_CXX_LANGUAGE_STANDARD = "gnu++0x";
				CLANG_CXX_LIBRARY = "libc++";
				CLANG_ENABLE_MODULES = YES;
				CLANG_ENABLE_OBJC_ARC = YES;
				CLANG_WARN_BOOL_CONVERSION = YES;
				CLANG_WARN_CONSTANT_CONVERSION = YES;
				CLANG_WARN_DIRECT_OBJC_ISA_USAGE = YES_ERROR;
				CLANG_WARN_DOCUMENTATION_COMMENTS = YES;
				CLANG_WARN_EMPTY_BODY = YES;
				CLANG_WARN_ENUM_CONVERSION = YES;
				CLANG_WARN_INFINITE_RECURSION = YES;
				CLANG_WARN_INT_CONVERSION = YES;
				CLANG_WARN_OBJC_ROOT_CLASS = YES_ERROR;
				CLANG_WARN_SUSPICIOUS_MOVE = YES;
				CLANG_WARN_UNREACHABLE_CODE = YES;
				CLANG_WARN__DUPLICATE_METHOD_MATCH = YES;
				"CODE_SIGN_IDENTITY[sdk=iphoneos*]" = "iPhone Developer";
				COPY_PHASE_STRIP = NO;
				DEBUG_INFORMATION_FORMAT = "dwarf-with-dsym";
				ENABLE_NS_ASSERTIONS = NO;
				ENABLE_STRICT_OBJC_MSGSEND = YES;
				GCC_C_LANGUAGE_STANDARD = gnu99;
				GCC_NO_COMMON_BLOCKS = YES;
				GCC_WARN_64_TO_32_BIT_CONVERSION = YES;
				GCC_WARN_ABOUT_RETURN_TYPE = YES_ERROR;
				GCC_WARN_UNDECLARED_SELECTOR = YES;
				GCC_WARN_UNINITIALIZED_AUTOS = YES_AGGRESSIVE;
				GCC_WARN_UNUSED_FUNCTION = YES;
				GCC_WARN_UNUSED_VARIABLE = YES;
				IPHONEOS_DEPLOYMENT_TARGET = 10.2;
				MTL_ENABLE_DEBUG_INFO = NO;
				SDKROOT = iphoneos;
				SWIFT_OPTIMIZATION_LEVEL = "-Owholemodule";
				TARGETED_DEVICE_FAMILY = "1,2";
				VALIDATE_PRODUCT = YES;
			};
			name = Release;
		};
		C48E98451E4DD74900A679CD /* Debug */ = {
			isa = XCBuildConfiguration;
			buildSettings = {
				ASSETCATALOG_COMPILER_APPICON_NAME = AppIcon;
				INFOPLIST_FILE = "Restaurants Transit/Info.plist";
				LD_RUNPATH_SEARCH_PATHS = "$(inherited) @executable_path/Frameworks";
				PRODUCT_BUNDLE_IDENTIFIER = "com.medigarage.Restaurants-Transit";
				PRODUCT_NAME = "$(TARGET_NAME)";
				SWIFT_VERSION = 3.0;
			};
			name = Debug;
		};
		C48E98461E4DD74900A679CD /* Release */ = {
			isa = XCBuildConfiguration;
			buildSettings = {
				ASSETCATALOG_COMPILER_APPICON_NAME = AppIcon;
				INFOPLIST_FILE = "Restaurants Transit/Info.plist";
				LD_RUNPATH_SEARCH_PATHS = "$(inherited) @executable_path/Frameworks";
				PRODUCT_BUNDLE_IDENTIFIER = "com.medigarage.Restaurants-Transit";
				PRODUCT_NAME = "$(TARGET_NAME)";
				SWIFT_VERSION = 3.0;
			};
			name = Release;
		};
		C48E98481E4DD74900A679CD /* Debug */ = {
			isa = XCBuildConfiguration;
			buildSettings = {
				ALWAYS_EMBED_SWIFT_STANDARD_LIBRARIES = YES;
				BUNDLE_LOADER = "$(TEST_HOST)";
				INFOPLIST_FILE = "Restaurants TransitTests/Info.plist";
				LD_RUNPATH_SEARCH_PATHS = "$(inherited) @executable_path/Frameworks @loader_path/Frameworks";
				PRODUCT_BUNDLE_IDENTIFIER = "com.medigarage.Restaurants-TransitTests";
				PRODUCT_NAME = "$(TARGET_NAME)";
				SWIFT_VERSION = 3.0;
				TEST_HOST = "$(BUILT_PRODUCTS_DIR)/Restaurants Transit.app/Restaurants Transit";
			};
			name = Debug;
		};
		C48E98491E4DD74900A679CD /* Release */ = {
			isa = XCBuildConfiguration;
			buildSettings = {
				ALWAYS_EMBED_SWIFT_STANDARD_LIBRARIES = YES;
				BUNDLE_LOADER = "$(TEST_HOST)";
				INFOPLIST_FILE = "Restaurants TransitTests/Info.plist";
				LD_RUNPATH_SEARCH_PATHS = "$(inherited) @executable_path/Frameworks @loader_path/Frameworks";
				PRODUCT_BUNDLE_IDENTIFIER = "com.medigarage.Restaurants-TransitTests";
				PRODUCT_NAME = "$(TARGET_NAME)";
				SWIFT_VERSION = 3.0;
				TEST_HOST = "$(BUILT_PRODUCTS_DIR)/Restaurants Transit.app/Restaurants Transit";
			};
			name = Release;
		};
		C48E984B1E4DD74900A679CD /* Debug */ = {
			isa = XCBuildConfiguration;
			buildSettings = {
				ALWAYS_EMBED_SWIFT_STANDARD_LIBRARIES = YES;
				INFOPLIST_FILE = "Restaurants TransitUITests/Info.plist";
				LD_RUNPATH_SEARCH_PATHS = "$(inherited) @executable_path/Frameworks @loader_path/Frameworks";
				PRODUCT_BUNDLE_IDENTIFIER = "com.medigarage.Restaurants-TransitUITests";
				PRODUCT_NAME = "$(TARGET_NAME)";
				SWIFT_VERSION = 3.0;
				TEST_TARGET_NAME = "Restaurants Transit";
			};
			name = Debug;
		};
		C48E984C1E4DD74900A679CD /* Release */ = {
			isa = XCBuildConfiguration;
			buildSettings = {
				ALWAYS_EMBED_SWIFT_STANDARD_LIBRARIES = YES;
				INFOPLIST_FILE = "Restaurants TransitUITests/Info.plist";
				LD_RUNPATH_SEARCH_PATHS = "$(inherited) @executable_path/Frameworks @loader_path/Frameworks";
				PRODUCT_BUNDLE_IDENTIFIER = "com.medigarage.Restaurants-TransitUITests";
				PRODUCT_NAME = "$(TARGET_NAME)";
				SWIFT_VERSION = 3.0;
				TEST_TARGET_NAME = "Restaurants Transit";
			};
			name = Release;
		};
/* End XCBuildConfiguration section */

/* Begin XCConfigurationList section */
		C48E98171E4DD74900A679CD /* Build configuration list for PBXProject "Restaurants Transit" */ = {
			isa = XCConfigurationList;
			buildConfigurations = (
				C48E98421E4DD74900A679CD /* Debug */,
				C48E98431E4DD74900A679CD /* Release */,
			);
			defaultConfigurationIsVisible = 0;
			defaultConfigurationName = Release;
		};
		C48E98441E4DD74900A679CD /* Build configuration list for PBXNativeTarget "Restaurants Transit" */ = {
			isa = XCConfigurationList;
			buildConfigurations = (
				C48E98451E4DD74900A679CD /* Debug */,
				C48E98461E4DD74900A679CD /* Release */,
			);
			defaultConfigurationIsVisible = 0;
			defaultConfigurationName = Release;
		};
		C48E98471E4DD74900A679CD /* Build configuration list for PBXNativeTarget "Restaurants TransitTests" */ = {
			isa = XCConfigurationList;
			buildConfigurations = (
				C48E98481E4DD74900A679CD /* Debug */,
				C48E98491E4DD74900A679CD /* Release */,
			);
			defaultConfigurationIsVisible = 0;
			defaultConfigurationName = Release;
		};
		C48E984A1E4DD74900A679CD /* Build configuration list for PBXNativeTarget "Restaurants TransitUITests" */ = {
			isa = XCConfigurationList;
			buildConfigurations = (
				C48E984B1E4DD74900A679CD /* Debug */,
				C48E984C1E4DD74900A679CD /* Release */,
			);
			defaultConfigurationIsVisible = 0;
			defaultConfigurationName = Release;
		};
/* End XCConfigurationList section */
	};
	rootObject = C48E98141E4DD74900A679CD /* Project object */;
}
